
Microsoft Visual Studio Solution File, Format Version 12.00
# Visual Studio Version 17
VisualStudioVersion = 17.8.34316.72
MinimumVisualStudioVersion = 10.0.40219.1
Project("{FAE04EC0-301F-11D3-BF4B-00C04F79EFBC}") = "VoiceWizard", "VoiceWizard\VoiceWizard.csproj", "{BA05C2C3-DFAF-45F5-A77E-FF24AC07F4DF}"
EndProject
Global
	GlobalSection(SolutionConfigurationPlatforms) = preSolution
		Debug|Any CPU = Debug|Any CPU
		Release|Any CPU = Release|Any CPU
	EndGlobalSection
	GlobalSection(ProjectConfigurationPlatforms) = postSolution
		{BA05C2C3-DFAF-45F5-A77E-FF24AC07F4DF}.Debug|Any CPU.ActiveCfg = Debug|Any CPU
		{BA05C2C3-DFAF-45F5-A77E-FF24AC07F4DF}.Debug|Any CPU.Build.0 = Debug|Any CPU
		{BA05C2C3-DFAF-45F5-A77E-FF24AC07F4DF}.Release|Any CPU.ActiveCfg = Release|Any CPU
		{BA05C2C3-DFAF-45F5-A77E-FF24AC07F4DF}.Release|Any CPU.Build.0 = Release|Any CPU
	EndGlobalSection
	GlobalSection(SolutionProperties) = preSolution
		HideSolutionNode = FALSE
	EndGlobalSection
	GlobalSection(ExtensibilityGlobals) = postSolution
		SolutionGuid = {A649841F-6F25-454C-8E47-2FAE9363413C}
	EndGlobalSection
EndGlobal
